// !$*UTF8*$!
{
	archiveVersion = 1;
	classes = {
	};
	objectVersion = 56;
	objects = {

/* Begin PBXBuildFile section */
		BD8B3A06E716A7F0EB1EFCA8 /* Pods_SurfiOSTrainee.framework in Frameworks */ = {isa = PBXBuildFile; fileRef = E2831795574F129139E8800E /* Pods_SurfiOSTrainee.framework */; };
		C449298C299AB27F00787E38 /* Assets.xcassets in Resources */ = {isa = PBXBuildFile; fileRef = C449298B299AB27F00787E38 /* Assets.xcassets */; };
		C44929B0299AB4DB00787E38 /* MainModuleAssembly.swift in Sources */ = {isa = PBXBuildFile; fileRef = C44929AF299AB4DB00787E38 /* MainModuleAssembly.swift */; };
		C44929B2299AB4ED00787E38 /* MainModuleInteractor.swift in Sources */ = {isa = PBXBuildFile; fileRef = C44929B1299AB4ED00787E38 /* MainModuleInteractor.swift */; };
		C44929B4299AB4FC00787E38 /* MainModuleInteractorInput.swift in Sources */ = {isa = PBXBuildFile; fileRef = C44929B3299AB4FC00787E38 /* MainModuleInteractorInput.swift */; };
		C44929B6299AB51200787E38 /* MainModulePresenter.swift in Sources */ = {isa = PBXBuildFile; fileRef = C44929B5299AB51200787E38 /* MainModulePresenter.swift */; };
		C44929B8299AB52100787E38 /* MainModulePresenterInput.swift in Sources */ = {isa = PBXBuildFile; fileRef = C44929B7299AB52100787E38 /* MainModulePresenterInput.swift */; };
		C44929BA299AB53200787E38 /* MainModuleRouter.swift in Sources */ = {isa = PBXBuildFile; fileRef = C44929B9299AB53200787E38 /* MainModuleRouter.swift */; };
		C44929BC299AB54800787E38 /* MainModuleViewController.swift in Sources */ = {isa = PBXBuildFile; fileRef = C44929BB299AB54800787E38 /* MainModuleViewController.swift */; };
		C44929BE299AB56700787E38 /* MainModuleViewInput.swift in Sources */ = {isa = PBXBuildFile; fileRef = C44929BD299AB56700787E38 /* MainModuleViewInput.swift */; };
		C44929CA299AB78C00787E38 /* LaunchScreen.storyboard in Resources */ = {isa = PBXBuildFile; fileRef = C44929C9299AB78C00787E38 /* LaunchScreen.storyboard */; };
		C44929CC299ABAF600787E38 /* MainModuleViewOutput.swift in Sources */ = {isa = PBXBuildFile; fileRef = C44929CB299ABAF600787E38 /* MainModuleViewOutput.swift */; };
		C44929CE299ABB9900787E38 /* MainModuleInteractorOutput.swift in Sources */ = {isa = PBXBuildFile; fileRef = C44929CD299ABB9900787E38 /* MainModuleInteractorOutput.swift */; };
		C44929D0299ABDA700787E38 /* MainModuleRouterInput.swift in Sources */ = {isa = PBXBuildFile; fileRef = C44929CF299ABDA700787E38 /* MainModuleRouterInput.swift */; };
		C44929D5299AC7D700787E38 /* Strings.swift in Sources */ = {isa = PBXBuildFile; fileRef = C44929D4299AC7D700787E38 /* Strings.swift */; };
		C44929DA299AD16400787E38 /* Fonts.swift in Sources */ = {isa = PBXBuildFile; fileRef = C44929D9299AD16400787E38 /* Fonts.swift */; };
		C44929DC299AD5BE00787E38 /* Images.swift in Sources */ = {isa = PBXBuildFile; fileRef = C44929DB299AD5BE00787E38 /* Images.swift */; };
		C4492A03299AE83900787E38 /* AppDelegate.swift in Sources */ = {isa = PBXBuildFile; fileRef = C4492A02299AE83900787E38 /* AppDelegate.swift */; };
		C4492A05299AEBA700787E38 /* SceneDelegate.swift in Sources */ = {isa = PBXBuildFile; fileRef = C4492A04299AEBA700787E38 /* SceneDelegate.swift */; };
		C4492A07299AF22D00787E38 /* Colors.swift in Sources */ = {isa = PBXBuildFile; fileRef = C4492A06299AF22D00787E38 /* Colors.swift */; };
		C4492A0A299AF30400787E38 /* Bundle+FrameworkBundle.swift in Sources */ = {isa = PBXBuildFile; fileRef = C4492A09299AF30400787E38 /* Bundle+FrameworkBundle.swift */; };
		C4492A0D299AFC2B00787E38 /* ContentViewController.swift in Sources */ = {isa = PBXBuildFile; fileRef = C4492A0C299AFC2B00787E38 /* ContentViewController.swift */; };
		C4492A0F299AFEFF00787E38 /* CGFloat+Constants.swift in Sources */ = {isa = PBXBuildFile; fileRef = C4492A0E299AFEFF00787E38 /* CGFloat+Constants.swift */; };
		C459DEE2299B66EB008025D2 /* LoopedHCollection.swift in Sources */ = {isa = PBXBuildFile; fileRef = C459DEE1299B66EB008025D2 /* LoopedHCollection.swift */; };
		C459DEE5299B75B1008025D2 /* TagCollectionView.swift in Sources */ = {isa = PBXBuildFile; fileRef = C459DEE4299B75B1008025D2 /* TagCollectionView.swift */; };
		C459DEEF299B7699008025D2 /* TagCollectionViewFlowLayout.swift in Sources */ = {isa = PBXBuildFile; fileRef = C459DEEE299B7699008025D2 /* TagCollectionViewFlowLayout.swift */; };
		C459DF02299B7A5F008025D2 /* TagsViewController.swift in Sources */ = {isa = PBXBuildFile; fileRef = C459DF01299B7A5F008025D2 /* TagsViewController.swift */; };
		C459DF07299B7A85008025D2 /* TagViewCell.swift in Sources */ = {isa = PBXBuildFile; fileRef = C459DF04299B7A85008025D2 /* TagViewCell.swift */; };
		C459DF0C299B7D78008025D2 /* HeaderView.swift in Sources */ = {isa = PBXBuildFile; fileRef = C459DF0B299B7D78008025D2 /* HeaderView.swift */; };
		C459DF0E299B82DF008025D2 /* UICollectionView+GenericsRegister.swift in Sources */ = {isa = PBXBuildFile; fileRef = C459DF0D299B82DF008025D2 /* UICollectionView+GenericsRegister.swift */; };
		C459DF11299B83AA008025D2 /* LoopedCell.swift in Sources */ = {isa = PBXBuildFile; fileRef = C459DF10299B83AA008025D2 /* LoopedCell.swift */; };
		C459DF16299B8FE0008025D2 /* TagButton.swift in Sources */ = {isa = PBXBuildFile; fileRef = C459DF15299B8FE0008025D2 /* TagButton.swift */; };
		C459DF19299B9F5B008025D2 /* Tags.swift in Sources */ = {isa = PBXBuildFile; fileRef = C459DF18299B9F5B008025D2 /* Tags.swift */; };
		C459DF1C299BA330008025D2 /* InfoView.swift in Sources */ = {isa = PBXBuildFile; fileRef = C459DF1B299BA330008025D2 /* InfoView.swift */; };
		C459DF1F299BA74F008025D2 /* FooterView.swift in Sources */ = {isa = PBXBuildFile; fileRef = C459DF1E299BA74F008025D2 /* FooterView.swift */; };
/* End PBXBuildFile section */

/* Begin PBXFileReference section */
		21947C74945B40F314AE3E18 /* Pods-SurfiOSTrainee.release.xcconfig */ = {isa = PBXFileReference; includeInIndex = 1; lastKnownFileType = text.xcconfig; name = "Pods-SurfiOSTrainee.release.xcconfig"; path = "Target Support Files/Pods-SurfiOSTrainee/Pods-SurfiOSTrainee.release.xcconfig"; sourceTree = "<group>"; };
		C4492984299AB27E00787E38 /* SurfiOSTrainee.app */ = {isa = PBXFileReference; explicitFileType = wrapper.application; includeInIndex = 0; path = SurfiOSTrainee.app; sourceTree = BUILT_PRODUCTS_DIR; };
		C449298B299AB27F00787E38 /* Assets.xcassets */ = {isa = PBXFileReference; lastKnownFileType = folder.assetcatalog; path = Assets.xcassets; sourceTree = "<group>"; };
		C449298D299AB27F00787E38 /* SurfiOSTrainee.entitlements */ = {isa = PBXFileReference; lastKnownFileType = text.plist.entitlements; path = SurfiOSTrainee.entitlements; sourceTree = "<group>"; };
		C44929AF299AB4DB00787E38 /* MainModuleAssembly.swift */ = {isa = PBXFileReference; lastKnownFileType = sourcecode.swift; path = MainModuleAssembly.swift; sourceTree = "<group>"; };
		C44929B1299AB4ED00787E38 /* MainModuleInteractor.swift */ = {isa = PBXFileReference; lastKnownFileType = sourcecode.swift; path = MainModuleInteractor.swift; sourceTree = "<group>"; };
		C44929B3299AB4FC00787E38 /* MainModuleInteractorInput.swift */ = {isa = PBXFileReference; lastKnownFileType = sourcecode.swift; path = MainModuleInteractorInput.swift; sourceTree = "<group>"; };
		C44929B5299AB51200787E38 /* MainModulePresenter.swift */ = {isa = PBXFileReference; lastKnownFileType = sourcecode.swift; path = MainModulePresenter.swift; sourceTree = "<group>"; };
		C44929B7299AB52100787E38 /* MainModulePresenterInput.swift */ = {isa = PBXFileReference; lastKnownFileType = sourcecode.swift; path = MainModulePresenterInput.swift; sourceTree = "<group>"; };
		C44929B9299AB53200787E38 /* MainModuleRouter.swift */ = {isa = PBXFileReference; lastKnownFileType = sourcecode.swift; path = MainModuleRouter.swift; sourceTree = "<group>"; };
		C44929BB299AB54800787E38 /* MainModuleViewController.swift */ = {isa = PBXFileReference; lastKnownFileType = sourcecode.swift; path = MainModuleViewController.swift; sourceTree = "<group>"; };
		C44929BD299AB56700787E38 /* MainModuleViewInput.swift */ = {isa = PBXFileReference; lastKnownFileType = sourcecode.swift; path = MainModuleViewInput.swift; sourceTree = "<group>"; };
		C44929C9299AB78C00787E38 /* LaunchScreen.storyboard */ = {isa = PBXFileReference; fileEncoding = 4; lastKnownFileType = file.storyboard; path = LaunchScreen.storyboard; sourceTree = "<group>"; };
		C44929CB299ABAF600787E38 /* MainModuleViewOutput.swift */ = {isa = PBXFileReference; lastKnownFileType = sourcecode.swift; path = MainModuleViewOutput.swift; sourceTree = "<group>"; };
		C44929CD299ABB9900787E38 /* MainModuleInteractorOutput.swift */ = {isa = PBXFileReference; lastKnownFileType = sourcecode.swift; path = MainModuleInteractorOutput.swift; sourceTree = "<group>"; };
		C44929CF299ABDA700787E38 /* MainModuleRouterInput.swift */ = {isa = PBXFileReference; lastKnownFileType = sourcecode.swift; path = MainModuleRouterInput.swift; sourceTree = "<group>"; };
		C44929D4299AC7D700787E38 /* Strings.swift */ = {isa = PBXFileReference; lastKnownFileType = sourcecode.swift; path = Strings.swift; sourceTree = "<group>"; };
		C44929D9299AD16400787E38 /* Fonts.swift */ = {isa = PBXFileReference; lastKnownFileType = sourcecode.swift; path = Fonts.swift; sourceTree = "<group>"; };
		C44929DB299AD5BE00787E38 /* Images.swift */ = {isa = PBXFileReference; lastKnownFileType = sourcecode.swift; path = Images.swift; sourceTree = "<group>"; };
		C44929DD299AD9C400787E38 /* SnapKit.framework */ = {isa = PBXFileReference; explicitFileType = wrapper.framework; path = SnapKit.framework; sourceTree = BUILT_PRODUCTS_DIR; };
		C44929E1299ADEBC00787E38 /* Info.plist */ = {isa = PBXFileReference; lastKnownFileType = text.plist; path = Info.plist; sourceTree = "<group>"; };
		C4492A02299AE83900787E38 /* AppDelegate.swift */ = {isa = PBXFileReference; lastKnownFileType = sourcecode.swift; path = AppDelegate.swift; sourceTree = "<group>"; };
		C4492A04299AEBA700787E38 /* SceneDelegate.swift */ = {isa = PBXFileReference; lastKnownFileType = sourcecode.swift; path = SceneDelegate.swift; sourceTree = "<group>"; };
		C4492A06299AF22D00787E38 /* Colors.swift */ = {isa = PBXFileReference; lastKnownFileType = sourcecode.swift; path = Colors.swift; sourceTree = "<group>"; };
		C4492A09299AF30400787E38 /* Bundle+FrameworkBundle.swift */ = {isa = PBXFileReference; lastKnownFileType = sourcecode.swift; path = "Bundle+FrameworkBundle.swift"; sourceTree = "<group>"; };
		C4492A0C299AFC2B00787E38 /* ContentViewController.swift */ = {isa = PBXFileReference; lastKnownFileType = sourcecode.swift; path = ContentViewController.swift; sourceTree = "<group>"; };
		C4492A0E299AFEFF00787E38 /* CGFloat+Constants.swift */ = {isa = PBXFileReference; lastKnownFileType = sourcecode.swift; path = "CGFloat+Constants.swift"; sourceTree = "<group>"; };
		C459DEE1299B66EB008025D2 /* LoopedHCollection.swift */ = {isa = PBXFileReference; lastKnownFileType = sourcecode.swift; path = LoopedHCollection.swift; sourceTree = "<group>"; };
		C459DEE4299B75B1008025D2 /* TagCollectionView.swift */ = {isa = PBXFileReference; lastKnownFileType = sourcecode.swift; path = TagCollectionView.swift; sourceTree = "<group>"; };
		C459DEEE299B7699008025D2 /* TagCollectionViewFlowLayout.swift */ = {isa = PBXFileReference; lastKnownFileType = sourcecode.swift; path = TagCollectionViewFlowLayout.swift; sourceTree = "<group>"; };
		C459DF01299B7A5F008025D2 /* TagsViewController.swift */ = {isa = PBXFileReference; fileEncoding = 4; lastKnownFileType = sourcecode.swift; path = TagsViewController.swift; sourceTree = "<group>"; };
		C459DF04299B7A85008025D2 /* TagViewCell.swift */ = {isa = PBXFileReference; fileEncoding = 4; lastKnownFileType = sourcecode.swift; path = TagViewCell.swift; sourceTree = "<group>"; };
		C459DF0B299B7D78008025D2 /* HeaderView.swift */ = {isa = PBXFileReference; lastKnownFileType = sourcecode.swift; path = HeaderView.swift; sourceTree = "<group>"; };
		C459DF0D299B82DF008025D2 /* UICollectionView+GenericsRegister.swift */ = {isa = PBXFileReference; lastKnownFileType = sourcecode.swift; path = "UICollectionView+GenericsRegister.swift"; sourceTree = "<group>"; };
		C459DF10299B83AA008025D2 /* LoopedCell.swift */ = {isa = PBXFileReference; lastKnownFileType = sourcecode.swift; path = LoopedCell.swift; sourceTree = "<group>"; };
		C459DF15299B8FE0008025D2 /* TagButton.swift */ = {isa = PBXFileReference; lastKnownFileType = sourcecode.swift; path = TagButton.swift; sourceTree = "<group>"; };
		C459DF18299B9F5B008025D2 /* Tags.swift */ = {isa = PBXFileReference; lastKnownFileType = sourcecode.swift; path = Tags.swift; sourceTree = "<group>"; };
		C459DF1B299BA330008025D2 /* InfoView.swift */ = {isa = PBXFileReference; lastKnownFileType = sourcecode.swift; path = InfoView.swift; sourceTree = "<group>"; };
		C459DF1E299BA74F008025D2 /* FooterView.swift */ = {isa = PBXFileReference; lastKnownFileType = sourcecode.swift; path = FooterView.swift; sourceTree = "<group>"; };
		CA2E2E49344099FA0828D0CD /* Pods-SurfiOSTrainee.debug.xcconfig */ = {isa = PBXFileReference; includeInIndex = 1; lastKnownFileType = text.xcconfig; name = "Pods-SurfiOSTrainee.debug.xcconfig"; path = "Target Support Files/Pods-SurfiOSTrainee/Pods-SurfiOSTrainee.debug.xcconfig"; sourceTree = "<group>"; };
		E2831795574F129139E8800E /* Pods_SurfiOSTrainee.framework */ = {isa = PBXFileReference; explicitFileType = wrapper.framework; includeInIndex = 0; path = Pods_SurfiOSTrainee.framework; sourceTree = BUILT_PRODUCTS_DIR; };
/* End PBXFileReference section */

/* Begin PBXFrameworksBuildPhase section */
		C4492981299AB27E00787E38 /* Frameworks */ = {
			isa = PBXFrameworksBuildPhase;
			buildActionMask = 2147483647;
			files = (
				BD8B3A06E716A7F0EB1EFCA8 /* Pods_SurfiOSTrainee.framework in Frameworks */,
			);
			runOnlyForDeploymentPostprocessing = 0;
		};
/* End PBXFrameworksBuildPhase section */

/* Begin PBXGroup section */
		1DD40D81BC894351C3629641 /* Frameworks */ = {
			isa = PBXGroup;
			children = (
				C44929DD299AD9C400787E38 /* SnapKit.framework */,
				E2831795574F129139E8800E /* Pods_SurfiOSTrainee.framework */,
			);
			name = Frameworks;
			sourceTree = "<group>";
		};
		BE957683BC28CD3171018EC5 /* Pods */ = {
			isa = PBXGroup;
			children = (
				CA2E2E49344099FA0828D0CD /* Pods-SurfiOSTrainee.debug.xcconfig */,
				21947C74945B40F314AE3E18 /* Pods-SurfiOSTrainee.release.xcconfig */,
			);
			path = Pods;
			sourceTree = "<group>";
		};
		C449297B299AB27E00787E38 = {
			isa = PBXGroup;
			children = (
				C4492986299AB27E00787E38 /* SurfiOSTrainee */,
				C4492985299AB27E00787E38 /* Products */,
				BE957683BC28CD3171018EC5 /* Pods */,
				1DD40D81BC894351C3629641 /* Frameworks */,
			);
			sourceTree = "<group>";
		};
		C4492985299AB27E00787E38 /* Products */ = {
			isa = PBXGroup;
			children = (
				C4492984299AB27E00787E38 /* SurfiOSTrainee.app */,
			);
			name = Products;
			sourceTree = "<group>";
		};
		C4492986299AB27E00787E38 /* SurfiOSTrainee */ = {
			isa = PBXGroup;
			children = (
				C4492A08299AF2E300787E38 /* Extensions */,
				C44929E1299ADEBC00787E38 /* Info.plist */,
				C44929D3299AC7CA00787E38 /* Resources */,
				C44929C6299AB70300787E38 /* Base */,
				C44929A9299AB33700787E38 /* MainModule */,
				C449298D299AB27F00787E38 /* SurfiOSTrainee.entitlements */,
			);
			path = SurfiOSTrainee;
			sourceTree = "<group>";
		};
		C44929A9299AB33700787E38 /* MainModule */ = {
			isa = PBXGroup;
			children = (
				C44929AE299AB37F00787E38 /* View */,
				C44929AD299AB37900787E38 /* Router */,
				C44929AC299AB37300787E38 /* Presenter */,
				C44929AB299AB36C00787E38 /* Interactor */,
				C44929AA299AB36200787E38 /* Assembly */,
			);
			path = MainModule;
			sourceTree = "<group>";
		};
		C44929AA299AB36200787E38 /* Assembly */ = {
			isa = PBXGroup;
			children = (
				C44929AF299AB4DB00787E38 /* MainModuleAssembly.swift */,
			);
			path = Assembly;
			sourceTree = "<group>";
		};
		C44929AB299AB36C00787E38 /* Interactor */ = {
			isa = PBXGroup;
			children = (
				C44929B1299AB4ED00787E38 /* MainModuleInteractor.swift */,
				C44929B3299AB4FC00787E38 /* MainModuleInteractorInput.swift */,
				C44929CD299ABB9900787E38 /* MainModuleInteractorOutput.swift */,
			);
			path = Interactor;
			sourceTree = "<group>";
		};
		C44929AC299AB37300787E38 /* Presenter */ = {
			isa = PBXGroup;
			children = (
				C44929B5299AB51200787E38 /* MainModulePresenter.swift */,
				C44929B7299AB52100787E38 /* MainModulePresenterInput.swift */,
			);
			path = Presenter;
			sourceTree = "<group>";
		};
		C44929AD299AB37900787E38 /* Router */ = {
			isa = PBXGroup;
			children = (
				C44929B9299AB53200787E38 /* MainModuleRouter.swift */,
				C44929CF299ABDA700787E38 /* MainModuleRouterInput.swift */,
			);
			path = Router;
			sourceTree = "<group>";
		};
		C44929AE299AB37F00787E38 /* View */ = {
			isa = PBXGroup;
			children = (
				C4492A0B299AFC1E00787E38 /* Subviews */,
				C44929BB299AB54800787E38 /* MainModuleViewController.swift */,
				C44929BD299AB56700787E38 /* MainModuleViewInput.swift */,
				C44929CB299ABAF600787E38 /* MainModuleViewOutput.swift */,
			);
			path = View;
			sourceTree = "<group>";
		};
		C44929C6299AB70300787E38 /* Base */ = {
			isa = PBXGroup;
			children = (
				C44929C9299AB78C00787E38 /* LaunchScreen.storyboard */,
				C4492A02299AE83900787E38 /* AppDelegate.swift */,
				C4492A04299AEBA700787E38 /* SceneDelegate.swift */,
			);
			path = Base;
			sourceTree = "<group>";
		};
		C44929D3299AC7CA00787E38 /* Resources */ = {
			isa = PBXGroup;
			children = (
				C459DF17299B9F49008025D2 /* Models */,
				C44929D4299AC7D700787E38 /* Strings.swift */,
				C44929D9299AD16400787E38 /* Fonts.swift */,
				C44929DB299AD5BE00787E38 /* Images.swift */,
				C4492A06299AF22D00787E38 /* Colors.swift */,
				C449298B299AB27F00787E38 /* Assets.xcassets */,
			);
			path = Resources;
			sourceTree = "<group>";
		};
		C4492A08299AF2E300787E38 /* Extensions */ = {
			isa = PBXGroup;
			children = (
				C4492A09299AF30400787E38 /* Bundle+FrameworkBundle.swift */,
				C4492A0E299AFEFF00787E38 /* CGFloat+Constants.swift */,
				C459DF0D299B82DF008025D2 /* UICollectionView+GenericsRegister.swift */,
			);
			path = Extensions;
			sourceTree = "<group>";
		};
		C4492A0B299AFC1E00787E38 /* Subviews */ = {
			isa = PBXGroup;
			children = (
				C459DF1D299BA739008025D2 /* FooterView */,
				C459DF1A299BA317008025D2 /* InfoView */,
				C459DF0A299B7D60008025D2 /* HeaderView */,
				C459DEE3299B75A0008025D2 /* Tags */,
				C459DEE0299B66CF008025D2 /* LoopedHCollection */,
				C4492A0C299AFC2B00787E38 /* ContentViewController.swift */,
			);
			path = Subviews;
			sourceTree = "<group>";
		};
		C459DEE0299B66CF008025D2 /* LoopedHCollection */ = {
			isa = PBXGroup;
			children = (
				C459DF0F299B8381008025D2 /* LoopedCell */,
				C459DEE1299B66EB008025D2 /* LoopedHCollection.swift */,
			);
			path = LoopedHCollection;
			sourceTree = "<group>";
		};
		C459DEE3299B75A0008025D2 /* Tags */ = {
			isa = PBXGroup;
			children = (
				C459DF12299B8EF8008025D2 /* TagView */,
				C459DEF0299B7A23008025D2 /* TagCollectionView */,
			);
			path = Tags;
			sourceTree = "<group>";
		};
		C459DEF0299B7A23008025D2 /* TagCollectionView */ = {
			isa = PBXGroup;
			children = (
				C459DEEE299B7699008025D2 /* TagCollectionViewFlowLayout.swift */,
				C459DEE4299B75B1008025D2 /* TagCollectionView.swift */,
				C459DF00299B7A56008025D2 /* TagCell */,
			);
			path = TagCollectionView;
			sourceTree = "<group>";
		};
		C459DF00299B7A56008025D2 /* TagCell */ = {
			isa = PBXGroup;
			children = (
				C459DF04299B7A85008025D2 /* TagViewCell.swift */,
				C459DF01299B7A5F008025D2 /* TagsViewController.swift */,
			);
			path = TagCell;
			sourceTree = "<group>";
		};
		C459DF0A299B7D60008025D2 /* HeaderView */ = {
			isa = PBXGroup;
			children = (
				C459DF0B299B7D78008025D2 /* HeaderView.swift */,
			);
			path = HeaderView;
			sourceTree = "<group>";
		};
		C459DF0F299B8381008025D2 /* LoopedCell */ = {
			isa = PBXGroup;
			children = (
				C459DF10299B83AA008025D2 /* LoopedCell.swift */,
			);
			path = LoopedCell;
			sourceTree = "<group>";
		};
		C459DF12299B8EF8008025D2 /* TagView */ = {
			isa = PBXGroup;
			children = (
				C459DF15299B8FE0008025D2 /* TagButton.swift */,
			);
			path = TagView;
			sourceTree = "<group>";
		};
		C459DF17299B9F49008025D2 /* Models */ = {
			isa = PBXGroup;
			children = (
				C459DF18299B9F5B008025D2 /* Tags.swift */,
			);
			path = Models;
			sourceTree = "<group>";
		};
		C459DF1A299BA317008025D2 /* InfoView */ = {
			isa = PBXGroup;
			children = (
				C459DF1B299BA330008025D2 /* InfoView.swift */,
			);
			path = InfoView;
			sourceTree = "<group>";
		};
		C459DF1D299BA739008025D2 /* FooterView */ = {
			isa = PBXGroup;
			children = (
				C459DF1E299BA74F008025D2 /* FooterView.swift */,
			);
			path = FooterView;
			sourceTree = "<group>";
		};
/* End PBXGroup section */

/* Begin PBXNativeTarget section */
		C4492983299AB27E00787E38 /* SurfiOSTrainee */ = {
			isa = PBXNativeTarget;
			buildConfigurationList = C4492993299AB27F00787E38 /* Build configuration list for PBXNativeTarget "SurfiOSTrainee" */;
			buildPhases = (
				BCE4D1FFA6513E6A70F878D9 /* [CP] Check Pods Manifest.lock */,
				C4492980299AB27E00787E38 /* Sources */,
				C4492981299AB27E00787E38 /* Frameworks */,
				C4492982299AB27E00787E38 /* Resources */,
				A70B7E4BBD148EDAC40C14A1 /* [CP] Embed Pods Frameworks */,
			);
			buildRules = (
			);
			dependencies = (
			);
			name = SurfiOSTrainee;
			productName = SurfiOSTrainee;
			productReference = C4492984299AB27E00787E38 /* SurfiOSTrainee.app */;
			productType = "com.apple.product-type.application";
		};
/* End PBXNativeTarget section */

/* Begin PBXProject section */
		C449297C299AB27E00787E38 /* Project object */ = {
			isa = PBXProject;
			attributes = {
				BuildIndependentTargetsInParallel = 1;
				LastSwiftUpdateCheck = 1420;
				LastUpgradeCheck = 1420;
				TargetAttributes = {
					C4492983299AB27E00787E38 = {
						CreatedOnToolsVersion = 14.2;
					};
				};
			};
			buildConfigurationList = C449297F299AB27E00787E38 /* Build configuration list for PBXProject "SurfiOSTrainee" */;
			compatibilityVersion = "Xcode 14.0";
			developmentRegion = en;
			hasScannedForEncodings = 0;
			knownRegions = (
				en,
				Base,
			);
			mainGroup = C449297B299AB27E00787E38;
			productRefGroup = C4492985299AB27E00787E38 /* Products */;
			projectDirPath = "";
			projectRoot = "";
			targets = (
				C4492983299AB27E00787E38 /* SurfiOSTrainee */,
			);
		};
/* End PBXProject section */

/* Begin PBXResourcesBuildPhase section */
		C4492982299AB27E00787E38 /* Resources */ = {
			isa = PBXResourcesBuildPhase;
			buildActionMask = 2147483647;
			files = (
				C44929CA299AB78C00787E38 /* LaunchScreen.storyboard in Resources */,
				C449298C299AB27F00787E38 /* Assets.xcassets in Resources */,
			);
			runOnlyForDeploymentPostprocessing = 0;
		};
/* End PBXResourcesBuildPhase section */

/* Begin PBXShellScriptBuildPhase section */
		A70B7E4BBD148EDAC40C14A1 /* [CP] Embed Pods Frameworks */ = {
			isa = PBXShellScriptBuildPhase;
			buildActionMask = 2147483647;
			files = (
			);
			inputFileListPaths = (
				"${PODS_ROOT}/Target Support Files/Pods-SurfiOSTrainee/Pods-SurfiOSTrainee-frameworks-${CONFIGURATION}-input-files.xcfilelist",
			);
			name = "[CP] Embed Pods Frameworks";
			outputFileListPaths = (
				"${PODS_ROOT}/Target Support Files/Pods-SurfiOSTrainee/Pods-SurfiOSTrainee-frameworks-${CONFIGURATION}-output-files.xcfilelist",
			);
			runOnlyForDeploymentPostprocessing = 0;
			shellPath = /bin/sh;
			shellScript = "\"${PODS_ROOT}/Target Support Files/Pods-SurfiOSTrainee/Pods-SurfiOSTrainee-frameworks.sh\"\n";
			showEnvVarsInLog = 0;
		};
		BCE4D1FFA6513E6A70F878D9 /* [CP] Check Pods Manifest.lock */ = {
			isa = PBXShellScriptBuildPhase;
			buildActionMask = 2147483647;
			files = (
			);
			inputFileListPaths = (
			);
			inputPaths = (
				"${PODS_PODFILE_DIR_PATH}/Podfile.lock",
				"${PODS_ROOT}/Manifest.lock",
			);
			name = "[CP] Check Pods Manifest.lock";
			outputFileListPaths = (
			);
			outputPaths = (
				"$(DERIVED_FILE_DIR)/Pods-SurfiOSTrainee-checkManifestLockResult.txt",
			);
			runOnlyForDeploymentPostprocessing = 0;
			shellPath = /bin/sh;
			shellScript = "diff \"${PODS_PODFILE_DIR_PATH}/Podfile.lock\" \"${PODS_ROOT}/Manifest.lock\" > /dev/null\nif [ $? != 0 ] ; then\n    # print error to STDERR\n    echo \"error: The sandbox is not in sync with the Podfile.lock. Run 'pod install' or update your CocoaPods installation.\" >&2\n    exit 1\nfi\n# This output is used by Xcode 'outputs' to avoid re-running this script phase.\necho \"SUCCESS\" > \"${SCRIPT_OUTPUT_FILE_0}\"\n";
			showEnvVarsInLog = 0;
		};
/* End PBXShellScriptBuildPhase section */

/* Begin PBXSourcesBuildPhase section */
		C4492980299AB27E00787E38 /* Sources */ = {
			isa = PBXSourcesBuildPhase;
			buildActionMask = 2147483647;
			files = (
				C44929DA299AD16400787E38 /* Fonts.swift in Sources */,
				C44929BA299AB53200787E38 /* MainModuleRouter.swift in Sources */,
				C44929D0299ABDA700787E38 /* MainModuleRouterInput.swift in Sources */,
				C4492A07299AF22D00787E38 /* Colors.swift in Sources */,
				C459DF1C299BA330008025D2 /* InfoView.swift in Sources */,
				C4492A0A299AF30400787E38 /* Bundle+FrameworkBundle.swift in Sources */,
				C44929B8299AB52100787E38 /* MainModulePresenterInput.swift in Sources */,
				C4492A0D299AFC2B00787E38 /* ContentViewController.swift in Sources */,
				C44929CC299ABAF600787E38 /* MainModuleViewOutput.swift in Sources */,
				C459DF19299B9F5B008025D2 /* Tags.swift in Sources */,
				C44929B2299AB4ED00787E38 /* MainModuleInteractor.swift in Sources */,
				C4492A0F299AFEFF00787E38 /* CGFloat+Constants.swift in Sources */,
				C44929DC299AD5BE00787E38 /* Images.swift in Sources */,
				C459DEE5299B75B1008025D2 /* TagCollectionView.swift in Sources */,
				C459DF16299B8FE0008025D2 /* TagButton.swift in Sources */,
				C459DF02299B7A5F008025D2 /* TagsViewController.swift in Sources */,
				C459DF11299B83AA008025D2 /* LoopedCell.swift in Sources */,
				C4492A05299AEBA700787E38 /* SceneDelegate.swift in Sources */,
				C4492A03299AE83900787E38 /* AppDelegate.swift in Sources */,
				C459DF0C299B7D78008025D2 /* HeaderView.swift in Sources */,
				C459DEEF299B7699008025D2 /* TagCollectionViewFlowLayout.swift in Sources */,
				C459DF1F299BA74F008025D2 /* FooterView.swift in Sources */,
				C459DF0E299B82DF008025D2 /* UICollectionView+GenericsRegister.swift in Sources */,
				C459DEE2299B66EB008025D2 /* LoopedHCollection.swift in Sources */,
				C44929B4299AB4FC00787E38 /* MainModuleInteractorInput.swift in Sources */,
				C44929D5299AC7D700787E38 /* Strings.swift in Sources */,
				C44929BE299AB56700787E38 /* MainModuleViewInput.swift in Sources */,
				C44929BC299AB54800787E38 /* MainModuleViewController.swift in Sources */,
				C44929B0299AB4DB00787E38 /* MainModuleAssembly.swift in Sources */,
				C44929B6299AB51200787E38 /* MainModulePresenter.swift in Sources */,
				C44929CE299ABB9900787E38 /* MainModuleInteractorOutput.swift in Sources */,
				C459DF07299B7A85008025D2 /* TagViewCell.swift in Sources */,
			);
			runOnlyForDeploymentPostprocessing = 0;
		};
/* End PBXSourcesBuildPhase section */

/* Begin XCBuildConfiguration section */
		C4492991299AB27F00787E38 /* Debug */ = {
			isa = XCBuildConfiguration;
			buildSettings = {
				ALWAYS_SEARCH_USER_PATHS = NO;
				CLANG_ANALYZER_NONNULL = YES;
				CLANG_ANALYZER_NUMBER_OBJECT_CONVERSION = YES_AGGRESSIVE;
				CLANG_CXX_LANGUAGE_STANDARD = "gnu++20";
				CLANG_ENABLE_MODULES = YES;
				CLANG_ENABLE_OBJC_ARC = YES;
				CLANG_ENABLE_OBJC_WEAK = YES;
				CLANG_WARN_BLOCK_CAPTURE_AUTORELEASING = YES;
				CLANG_WARN_BOOL_CONVERSION = YES;
				CLANG_WARN_COMMA = YES;
				CLANG_WARN_CONSTANT_CONVERSION = YES;
				CLANG_WARN_DEPRECATED_OBJC_IMPLEMENTATIONS = YES;
				CLANG_WARN_DIRECT_OBJC_ISA_USAGE = YES_ERROR;
				CLANG_WARN_DOCUMENTATION_COMMENTS = YES;
				CLANG_WARN_EMPTY_BODY = YES;
				CLANG_WARN_ENUM_CONVERSION = YES;
				CLANG_WARN_INFINITE_RECURSION = YES;
				CLANG_WARN_INT_CONVERSION = YES;
				CLANG_WARN_NON_LITERAL_NULL_CONVERSION = YES;
				CLANG_WARN_OBJC_IMPLICIT_RETAIN_SELF = YES;
				CLANG_WARN_OBJC_LITERAL_CONVERSION = YES;
				CLANG_WARN_OBJC_ROOT_CLASS = YES_ERROR;
				CLANG_WARN_QUOTED_INCLUDE_IN_FRAMEWORK_HEADER = YES;
				CLANG_WARN_RANGE_LOOP_ANALYSIS = YES;
				CLANG_WARN_STRICT_PROTOTYPES = YES;
				CLANG_WARN_SUSPICIOUS_MOVE = YES;
				CLANG_WARN_UNGUARDED_AVAILABILITY = YES_AGGRESSIVE;
				CLANG_WARN_UNREACHABLE_CODE = YES;
				CLANG_WARN__DUPLICATE_METHOD_MATCH = YES;
				COPY_PHASE_STRIP = NO;
				DEBUG_INFORMATION_FORMAT = dwarf;
				ENABLE_STRICT_OBJC_MSGSEND = YES;
				ENABLE_TESTABILITY = YES;
				GCC_C_LANGUAGE_STANDARD = gnu11;
				GCC_DYNAMIC_NO_PIC = NO;
				GCC_NO_COMMON_BLOCKS = YES;
				GCC_OPTIMIZATION_LEVEL = 0;
				GCC_PREPROCESSOR_DEFINITIONS = (
					"DEBUG=1",
					"$(inherited)",
				);
				GCC_WARN_64_TO_32_BIT_CONVERSION = YES;
				GCC_WARN_ABOUT_RETURN_TYPE = YES_ERROR;
				GCC_WARN_UNDECLARED_SELECTOR = YES;
				GCC_WARN_UNINITIALIZED_AUTOS = YES_AGGRESSIVE;
				GCC_WARN_UNUSED_FUNCTION = YES;
				GCC_WARN_UNUSED_VARIABLE = YES;
				"LD_RUNPATH_SEARCH_PATHS[arch=*]" = "$(inherited)";
				MTL_ENABLE_DEBUG_INFO = INCLUDE_SOURCE;
				MTL_FAST_MATH = YES;
				ONLY_ACTIVE_ARCH = YES;
				SWIFT_ACTIVE_COMPILATION_CONDITIONS = DEBUG;
				SWIFT_OPTIMIZATION_LEVEL = "-Onone";
			};
			name = Debug;
		};
		C4492992299AB27F00787E38 /* Release */ = {
			isa = XCBuildConfiguration;
			buildSettings = {
				ALWAYS_SEARCH_USER_PATHS = NO;
				CLANG_ANALYZER_NONNULL = YES;
				CLANG_ANALYZER_NUMBER_OBJECT_CONVERSION = YES_AGGRESSIVE;
				CLANG_CXX_LANGUAGE_STANDARD = "gnu++20";
				CLANG_ENABLE_MODULES = YES;
				CLANG_ENABLE_OBJC_ARC = YES;
				CLANG_ENABLE_OBJC_WEAK = YES;
				CLANG_WARN_BLOCK_CAPTURE_AUTORELEASING = YES;
				CLANG_WARN_BOOL_CONVERSION = YES;
				CLANG_WARN_COMMA = YES;
				CLANG_WARN_CONSTANT_CONVERSION = YES;
				CLANG_WARN_DEPRECATED_OBJC_IMPLEMENTATIONS = YES;
				CLANG_WARN_DIRECT_OBJC_ISA_USAGE = YES_ERROR;
				CLANG_WARN_DOCUMENTATION_COMMENTS = YES;
				CLANG_WARN_EMPTY_BODY = YES;
				CLANG_WARN_ENUM_CONVERSION = YES;
				CLANG_WARN_INFINITE_RECURSION = YES;
				CLANG_WARN_INT_CONVERSION = YES;
				CLANG_WARN_NON_LITERAL_NULL_CONVERSION = YES;
				CLANG_WARN_OBJC_IMPLICIT_RETAIN_SELF = YES;
				CLANG_WARN_OBJC_LITERAL_CONVERSION = YES;
				CLANG_WARN_OBJC_ROOT_CLASS = YES_ERROR;
				CLANG_WARN_QUOTED_INCLUDE_IN_FRAMEWORK_HEADER = YES;
				CLANG_WARN_RANGE_LOOP_ANALYSIS = YES;
				CLANG_WARN_STRICT_PROTOTYPES = YES;
				CLANG_WARN_SUSPICIOUS_MOVE = YES;
				CLANG_WARN_UNGUARDED_AVAILABILITY = YES_AGGRESSIVE;
				CLANG_WARN_UNREACHABLE_CODE = YES;
				CLANG_WARN__DUPLICATE_METHOD_MATCH = YES;
				COPY_PHASE_STRIP = NO;
				DEBUG_INFORMATION_FORMAT = "dwarf-with-dsym";
				ENABLE_NS_ASSERTIONS = NO;
				ENABLE_STRICT_OBJC_MSGSEND = YES;
				GCC_C_LANGUAGE_STANDARD = gnu11;
				GCC_NO_COMMON_BLOCKS = YES;
				GCC_WARN_64_TO_32_BIT_CONVERSION = YES;
				GCC_WARN_ABOUT_RETURN_TYPE = YES_ERROR;
				GCC_WARN_UNDECLARED_SELECTOR = YES;
				GCC_WARN_UNINITIALIZED_AUTOS = YES_AGGRESSIVE;
				GCC_WARN_UNUSED_FUNCTION = YES;
				GCC_WARN_UNUSED_VARIABLE = YES;
				"LD_RUNPATH_SEARCH_PATHS[arch=*]" = "$(inherited)";
				MTL_ENABLE_DEBUG_INFO = NO;
				MTL_FAST_MATH = YES;
				SWIFT_COMPILATION_MODE = wholemodule;
				SWIFT_OPTIMIZATION_LEVEL = "-O";
			};
			name = Release;
		};
		C4492994299AB27F00787E38 /* Debug */ = {
			isa = XCBuildConfiguration;
			baseConfigurationReference = CA2E2E49344099FA0828D0CD /* Pods-SurfiOSTrainee.debug.xcconfig */;
			buildSettings = {
				ASSETCATALOG_COMPILER_APPICON_NAME = AppIcon;
				ASSETCATALOG_COMPILER_GLOBAL_ACCENT_COLOR_NAME = AccentColor;
				CODE_SIGN_ENTITLEMENTS = SurfiOSTrainee/SurfiOSTrainee.entitlements;
				CODE_SIGN_STYLE = Automatic;
				CURRENT_PROJECT_VERSION = 1;
				DEVELOPMENT_ASSET_PATHS = "";
				ENABLE_PREVIEWS = YES;
				GENERATE_INFOPLIST_FILE = YES;
				HEADER_SEARCH_PATHS = "$(inherited)";
				INFOPLIST_FILE = SurfiOSTrainee/Info.plist;
				"INFOPLIST_KEY_UIApplicationSceneManifest_Generation[sdk=iphoneos*]" = YES;
				"INFOPLIST_KEY_UIApplicationSceneManifest_Generation[sdk=iphonesimulator*]" = YES;
				"INFOPLIST_KEY_UIApplicationSupportsIndirectInputEvents[sdk=iphoneos*]" = YES;
				"INFOPLIST_KEY_UIApplicationSupportsIndirectInputEvents[sdk=iphonesimulator*]" = YES;
				"INFOPLIST_KEY_UILaunchScreen_Generation[sdk=iphoneos*]" = YES;
				"INFOPLIST_KEY_UILaunchScreen_Generation[sdk=iphonesimulator*]" = YES;
				INFOPLIST_KEY_UILaunchStoryboardName = LaunchScreen.storyboard;
				"INFOPLIST_KEY_UIStatusBarStyle[sdk=iphoneos*]" = UIStatusBarStyleDefault;
				"INFOPLIST_KEY_UIStatusBarStyle[sdk=iphonesimulator*]" = UIStatusBarStyleDefault;
				INFOPLIST_KEY_UISupportedInterfaceOrientations = UIInterfaceOrientationPortrait;
				INFOPLIST_KEY_UISupportedInterfaceOrientations_iPad = "UIInterfaceOrientationLandscapeLeft UIInterfaceOrientationLandscapeRight UIInterfaceOrientationPortrait UIInterfaceOrientationPortraitUpsideDown";
				IPHONEOS_DEPLOYMENT_TARGET = 14.0;
				LD_RUNPATH_SEARCH_PATHS = "";
				"LD_RUNPATH_SEARCH_PATHS[arch=*]" = (
					"$(inherited)",
					"@executable_path/Frameworks\n\n",
				);
				MACOSX_DEPLOYMENT_TARGET = 13.1;
				MARKETING_VERSION = 1.0;
				OTHER_LDFLAGS = "";
				PRODUCT_BUNDLE_IDENTIFIER = com.SurfiOSTrainee;
				PRODUCT_NAME = "$(TARGET_NAME)";
				SDKROOT = auto;
				SUPPORTED_PLATFORMS = "iphoneos iphonesimulator";
				SUPPORTS_MACCATALYST = NO;
				SUPPORTS_MAC_DESIGNED_FOR_IPHONE_IPAD = NO;
				SWIFT_EMIT_LOC_STRINGS = YES;
				SWIFT_VERSION = 5.0;
				TARGETED_DEVICE_FAMILY = 1;
			};
			name = Debug;
		};
		C4492995299AB27F00787E38 /* Release */ = {
			isa = XCBuildConfiguration;
			baseConfigurationReference = 21947C74945B40F314AE3E18 /* Pods-SurfiOSTrainee.release.xcconfig */;
			buildSettings = {
				ASSETCATALOG_COMPILER_APPICON_NAME = AppIcon;
				ASSETCATALOG_COMPILER_GLOBAL_ACCENT_COLOR_NAME = AccentColor;
				CODE_SIGN_ENTITLEMENTS = SurfiOSTrainee/SurfiOSTrainee.entitlements;
				CODE_SIGN_STYLE = Automatic;
				CURRENT_PROJECT_VERSION = 1;
				DEVELOPMENT_ASSET_PATHS = "";
				ENABLE_PREVIEWS = YES;
				GENERATE_INFOPLIST_FILE = YES;
				HEADER_SEARCH_PATHS = "$(inherited)";
				INFOPLIST_FILE = SurfiOSTrainee/Info.plist;
				"INFOPLIST_KEY_UIApplicationSceneManifest_Generation[sdk=iphoneos*]" = YES;
				"INFOPLIST_KEY_UIApplicationSceneManifest_Generation[sdk=iphonesimulator*]" = YES;
				"INFOPLIST_KEY_UIApplicationSupportsIndirectInputEvents[sdk=iphoneos*]" = YES;
				"INFOPLIST_KEY_UIApplicationSupportsIndirectInputEvents[sdk=iphonesimulator*]" = YES;
				"INFOPLIST_KEY_UILaunchScreen_Generation[sdk=iphoneos*]" = YES;
				"INFOPLIST_KEY_UILaunchScreen_Generation[sdk=iphonesimulator*]" = YES;
				INFOPLIST_KEY_UILaunchStoryboardName = LaunchScreen.storyboard;
				"INFOPLIST_KEY_UIStatusBarStyle[sdk=iphoneos*]" = UIStatusBarStyleDefault;
				"INFOPLIST_KEY_UIStatusBarStyle[sdk=iphonesimulator*]" = UIStatusBarStyleDefault;
				INFOPLIST_KEY_UISupportedInterfaceOrientations = UIInterfaceOrientationPortrait;
				INFOPLIST_KEY_UISupportedInterfaceOrientations_iPad = "UIInterfaceOrientationLandscapeLeft UIInterfaceOrientationLandscapeRight UIInterfaceOrientationPortrait UIInterfaceOrientationPortraitUpsideDown";
				IPHONEOS_DEPLOYMENT_TARGET = 14.0;
				LD_RUNPATH_SEARCH_PATHS = "";
				"LD_RUNPATH_SEARCH_PATHS[arch=*]" = (
					"$(inherited)",
					"@executable_path/Frameworks\n\n",
				);
				MACOSX_DEPLOYMENT_TARGET = 13.1;
				MARKETING_VERSION = 1.0;
				OTHER_LDFLAGS = "";
				PRODUCT_BUNDLE_IDENTIFIER = com.SurfiOSTrainee;
				PRODUCT_NAME = "$(TARGET_NAME)";
				SDKROOT = auto;
				SUPPORTED_PLATFORMS = "iphoneos iphonesimulator";
				SUPPORTS_MACCATALYST = NO;
				SUPPORTS_MAC_DESIGNED_FOR_IPHONE_IPAD = NO;
				SWIFT_EMIT_LOC_STRINGS = YES;
				SWIFT_VERSION = 5.0;
				TARGETED_DEVICE_FAMILY = 1;
			};
			name = Release;
		};
/* End XCBuildConfiguration section */

/* Begin XCConfigurationList section */
		C449297F299AB27E00787E38 /* Build configuration list for PBXProject "SurfiOSTrainee" */ = {
			isa = XCConfigurationList;
			buildConfigurations = (
				C4492991299AB27F00787E38 /* Debug */,
				C4492992299AB27F00787E38 /* Release */,
			);
			defaultConfigurationIsVisible = 0;
			defaultConfigurationName = Release;
		};
		C4492993299AB27F00787E38 /* Build configuration list for PBXNativeTarget "SurfiOSTrainee" */ = {
			isa = XCConfigurationList;
			buildConfigurations = (
				C4492994299AB27F00787E38 /* Debug */,
				C4492995299AB27F00787E38 /* Release */,
			);
			defaultConfigurationIsVisible = 0;
			defaultConfigurationName = Release;
		};
/* End XCConfigurationList section */
	};
	rootObject = C449297C299AB27E00787E38 /* Project object */;
}
